
Microsoft Visual Studio Solution File, Format Version 12.00
# Visual Studio Version 17
VisualStudioVersion = 17.7.34024.191
MinimumVisualStudioVersion = 10.0.40219.1
Project("{FAE04EC0-301F-11D3-BF4B-00C04F79EFBC}") = "ApiReseñaValoracion", "ApiReseñaValoracion\ApiReseñaValoracion.csproj", "{5265CAD0-7E3D-4F00-A75F-0CB792669E38}"
EndProject
Global
	GlobalSection(SolutionConfigurationPlatforms) = preSolution
		Debug|Any CPU = Debug|Any CPU
		Release|Any CPU = Release|Any CPU
	EndGlobalSection
	GlobalSection(ProjectConfigurationPlatforms) = postSolution
		{5265CAD0-7E3D-4F00-A75F-0CB792669E38}.Debug|Any CPU.ActiveCfg = Debug|Any CPU
		{5265CAD0-7E3D-4F00-A75F-0CB792669E38}.Debug|Any CPU.Build.0 = Debug|Any CPU
		{5265CAD0-7E3D-4F00-A75F-0CB792669E38}.Release|Any CPU.ActiveCfg = Release|Any CPU
		{5265CAD0-7E3D-4F00-A75F-0CB792669E38}.Release|Any CPU.Build.0 = Release|Any CPU
	EndGlobalSection
	GlobalSection(SolutionProperties) = preSolution
		HideSolutionNode = FALSE
	EndGlobalSection
	GlobalSection(ExtensibilityGlobals) = postSolution
		SolutionGuid = {15D0CFAB-CB07-4B57-BB6B-0994F8460FB0}
	EndGlobalSection
EndGlobal
